
Microsoft Visual Studio Solution File, Format Version 12.00
# Visual Studio Version 16
VisualStudioVersion = 16.0.32802.440
MinimumVisualStudioVersion = 10.0.40219.1
Project("{FAE04EC0-301F-11D3-BF4B-00C04F79EFBC}") = "md08_CadernoExercicios_01", "md08_CadernoExercicios_01.csproj", "{AFAB7C93-1A4B-4EBB-9790-0696FE921072}"
EndProject
Global
	GlobalSection(SolutionConfigurationPlatforms) = preSolution
		Debug|Any CPU = Debug|Any CPU
		Release|Any CPU = Release|Any CPU
	EndGlobalSection
	GlobalSection(ProjectConfigurationPlatforms) = postSolution
		{AFAB7C93-1A4B-4EBB-9790-0696FE921072}.Debug|Any CPU.ActiveCfg = Debug|Any CPU
		{AFAB7C93-1A4B-4EBB-9790-0696FE921072}.Debug|Any CPU.Build.0 = Debug|Any CPU
		{AFAB7C93-1A4B-4EBB-9790-0696FE921072}.Release|Any CPU.ActiveCfg = Release|Any CPU
		{AFAB7C93-1A4B-4EBB-9790-0696FE921072}.Release|Any CPU.Build.0 = Release|Any CPU
	EndGlobalSection
	GlobalSection(SolutionProperties) = preSolution
		HideSolutionNode = FALSE
	EndGlobalSection
	GlobalSection(ExtensibilityGlobals) = postSolution
		SolutionGuid = {C60F012C-CA3D-4E3C-B9EC-454CAFC939CE}
	EndGlobalSection
EndGlobal
